{
    "requires": true,
    "lockfileVersion": 1,
    "dependencies": {
        "dropzone": {
            "version": "5.5.1",
            "resolved": "https://registry.npmjs.org/dropzone/-/dropzone-5.5.1.tgz",
            "integrity": "sha512-3VduRWLxx9hbVr42QieQN25mx/I61/mRdUSuxAmDGdDqZIN8qtP7tcKMa3KfpJjuGjOJGYYUzzeq6eGDnkzesA=="
        }
    }
}
